#include<stdio.h>

struct JPXX
{
	char gjm[100];
	int jps;
	int yps;
	int tps;
	int hj;
};

typedef struct JPXX jpxx;

jpxx c[8];

void sort(jpxx c[], int n)
{
	for (int i = 0; i < n; i++)
	{
		for (int j = 0; j < n - 1; j++)
		{
			if (c[j].jps < c[j + 1].jps)
			{
				jpxx t = c[j];
				c[j] = c[j + 1];
				c[j + 1] = t;
			}
		}
	}
}

void readFile()//打开文件并存入结构体函数
{
	FILE* fp = fopen("D://ke.txt", "r");
	if (fp == NULL)
	{
		printf("文件打开失败！\n");
		return;
	}
	for (int i = 0; i < 8; i++)
	{
		fscanf(fp,"%s\t%d\t%d\t%d\t%d\n",
			c[i].gjm, &c[i].jps,& c[i].yps, &c[i].tps,& c[i].hj);
	}
	fclose(fp);

}

void writeFile()//保存结果到文件
{
	FILE* outfp = fopen("D://冬奥奖牌金牌排序.txt", "w");
	if (outfp == NULL)
	{
		printf("存盘失败！");
			return;
	}
	for (int i = 0; i < 8; i++)
	{
		fprintf(outfp, "%s\t%d\t%d\t%d\t%d\n",
			c[i].gjm, c[i].jps,c[i].yps, c[i].tps, c[i].hj);
	}
	
	if(fclose(outfp)==0);
	printf("数据保存成功！");
}



int main()
{
	readFile();
	sort(c, 8);
	writeFile();

	return 0;
}
